
Microsoft Visual Studio Solution File, Format Version 12.00
# Visual Studio Version 17
VisualStudioVersion = 17.5.002.0
MinimumVisualStudioVersion = 10.0.40219.1
Project("{9A19103F-16F7-4668-BE54-9A1E7A4F7556}") = "Aula03Colecao", "Aula03Colecao.csproj", "{DF5E1C07-C112-408A-8FE7-F2386D98C395}"
EndProject
Global
	GlobalSection(SolutionConfigurationPlatforms) = preSolution
		Debug|Any CPU = Debug|Any CPU
		Release|Any CPU = Release|Any CPU
	EndGlobalSection
	GlobalSection(ProjectConfigurationPlatforms) = postSolution
		{DF5E1C07-C112-408A-8FE7-F2386D98C395}.Debug|Any CPU.ActiveCfg = Debug|Any CPU
		{DF5E1C07-C112-408A-8FE7-F2386D98C395}.Debug|Any CPU.Build.0 = Debug|Any CPU
		{DF5E1C07-C112-408A-8FE7-F2386D98C395}.Release|Any CPU.ActiveCfg = Release|Any CPU
		{DF5E1C07-C112-408A-8FE7-F2386D98C395}.Release|Any CPU.Build.0 = Release|Any CPU
	EndGlobalSection
	GlobalSection(SolutionProperties) = preSolution
		HideSolutionNode = FALSE
	EndGlobalSection
	GlobalSection(ExtensibilityGlobals) = postSolution
		SolutionGuid = {6D286216-8C94-49AE-8DE4-F31FB7D7E6BB}
	EndGlobalSection
EndGlobal
